
Microsoft Visual Studio Solution File, Format Version 12.00
# Visual Studio Version 17
VisualStudioVersion = 17.6.33815.320
MinimumVisualStudioVersion = 10.0.40219.1
Project("{9A19103F-16F7-4668-BE54-9A1E7A4F7556}") = "DEMPS", "DEMPS\DEMPS.csproj", "{D27E6ED2-7CFE-4222-B3BC-28D4EDA94941}"
EndProject
Project("{9A19103F-16F7-4668-BE54-9A1E7A4F7556}") = "AvaloniaApplicationTestDEMPS", "AvaloniaApplicationTestDEMPS\AvaloniaApplicationTestDEMPS.csproj", "{64664E2E-E296-493C-8E60-8E8AA3C26D6B}"
EndProject
Project("{9A19103F-16F7-4668-BE54-9A1E7A4F7556}") = "AvaloniaApplicationTestDEMPS.Desktop", "AvaloniaApplicationTestDEMPS.Desktop\AvaloniaApplicationTestDEMPS.Desktop.csproj", "{E42A5173-5D38-4B5A-B052-B7789FBAB543}"
EndProject
Global
	GlobalSection(SolutionConfigurationPlatforms) = preSolution
		Debug|Any CPU = Debug|Any CPU
		Release|Any CPU = Release|Any CPU
	EndGlobalSection
	GlobalSection(ProjectConfigurationPlatforms) = postSolution
		{D27E6ED2-7CFE-4222-B3BC-28D4EDA94941}.Debug|Any CPU.ActiveCfg = Debug|Any CPU
		{D27E6ED2-7CFE-4222-B3BC-28D4EDA94941}.Debug|Any CPU.Build.0 = Debug|Any CPU
		{D27E6ED2-7CFE-4222-B3BC-28D4EDA94941}.Release|Any CPU.ActiveCfg = Release|Any CPU
		{D27E6ED2-7CFE-4222-B3BC-28D4EDA94941}.Release|Any CPU.Build.0 = Release|Any CPU
		{64664E2E-E296-493C-8E60-8E8AA3C26D6B}.Debug|Any CPU.ActiveCfg = Debug|Any CPU
		{64664E2E-E296-493C-8E60-8E8AA3C26D6B}.Debug|Any CPU.Build.0 = Debug|Any CPU
		{64664E2E-E296-493C-8E60-8E8AA3C26D6B}.Release|Any CPU.ActiveCfg = Release|Any CPU
		{64664E2E-E296-493C-8E60-8E8AA3C26D6B}.Release|Any CPU.Build.0 = Release|Any CPU
		{E42A5173-5D38-4B5A-B052-B7789FBAB543}.Debug|Any CPU.ActiveCfg = Debug|Any CPU
		{E42A5173-5D38-4B5A-B052-B7789FBAB543}.Debug|Any CPU.Build.0 = Debug|Any CPU
		{E42A5173-5D38-4B5A-B052-B7789FBAB543}.Release|Any CPU.ActiveCfg = Release|Any CPU
		{E42A5173-5D38-4B5A-B052-B7789FBAB543}.Release|Any CPU.Build.0 = Release|Any CPU
	EndGlobalSection
	GlobalSection(SolutionProperties) = preSolution
		HideSolutionNode = FALSE
	EndGlobalSection
	GlobalSection(ExtensibilityGlobals) = postSolution
		SolutionGuid = {4A542886-26B3-485D-8862-87B3B6E37E78}
	EndGlobalSection
EndGlobal
