
Microsoft Visual Studio Solution File, Format Version 12.00
# Visual Studio Version 17
VisualStudioVersion = 17.6.33815.320
MinimumVisualStudioVersion = 10.0.40219.1
Project("{9A19103F-16F7-4668-BE54-9A1E7A4F7556}") = "DEMPS", "DEMPS\DEMPS.csproj", "{D27E6ED2-7CFE-4222-B3BC-28D4EDA94941}"
EndProject
Project("{9A19103F-16F7-4668-BE54-9A1E7A4F7556}") = "AvaloniaApplicationTest", "AvaloniaApplicationTest\AvaloniaApplicationTest.csproj", "{F6FF5712-F345-4F1C-991C-E61A37AC9490}"
EndProject
Project("{9A19103F-16F7-4668-BE54-9A1E7A4F7556}") = "AvaloniaApplicationTest.Android", "AvaloniaApplicationTest.Android\AvaloniaApplicationTest.Android.csproj", "{C2037F6A-88A0-49A2-B1E8-CE93A20B3564}"
EndProject
Project("{9A19103F-16F7-4668-BE54-9A1E7A4F7556}") = "AvaloniaApplicationTest.Desktop", "AvaloniaApplicationTest.Desktop\AvaloniaApplicationTest.Desktop.csproj", "{063036C8-585A-4CA8-AB54-A4F78C065724}"
EndProject
Project("{2150E333-8FDC-42A3-9474-1A3956D46DE8}") = "Tests", "Tests", "{749C39B9-5A96-4C13-8896-E445FAA8BFB9}"
EndProject
Project("{9A19103F-16F7-4668-BE54-9A1E7A4F7556}") = "Captcha", "Captcha\Captcha.csproj", "{09105511-4362-4DA9-B353-AEAB4C9CAC49}"
EndProject
Project("{9A19103F-16F7-4668-BE54-9A1E7A4F7556}") = "Captcha.Android", "Captcha.Android\Captcha.Android.csproj", "{26D81E86-7ED7-471A-B768-A3DB4EA05FE8}"
EndProject
Project("{9A19103F-16F7-4668-BE54-9A1E7A4F7556}") = "Captcha.Desktop", "Captcha.Desktop\Captcha.Desktop.csproj", "{71F94536-4756-4D0D-BA0F-9E334CE773FF}"
EndProject
Project("{9A19103F-16F7-4668-BE54-9A1E7A4F7556}") = "Captcha.Browser", "Captcha.Browser\Captcha.Browser.csproj", "{C972A73C-901E-451B-94DE-2F8590A6FF39}"
EndProject
Project("{2150E333-8FDC-42A3-9474-1A3956D46DE8}") = "Captcha", "Captcha", "{E2657751-4C5B-4041-AC08-F4B831BA3805}"
EndProject
Global
	GlobalSection(SolutionConfigurationPlatforms) = preSolution
		Debug|Any CPU = Debug|Any CPU
		Release|Any CPU = Release|Any CPU
	EndGlobalSection
	GlobalSection(ProjectConfigurationPlatforms) = postSolution
		{D27E6ED2-7CFE-4222-B3BC-28D4EDA94941}.Debug|Any CPU.ActiveCfg = Debug|Any CPU
		{D27E6ED2-7CFE-4222-B3BC-28D4EDA94941}.Debug|Any CPU.Build.0 = Debug|Any CPU
		{D27E6ED2-7CFE-4222-B3BC-28D4EDA94941}.Release|Any CPU.ActiveCfg = Release|Any CPU
		{D27E6ED2-7CFE-4222-B3BC-28D4EDA94941}.Release|Any CPU.Build.0 = Release|Any CPU
		{F6FF5712-F345-4F1C-991C-E61A37AC9490}.Debug|Any CPU.ActiveCfg = Debug|Any CPU
		{F6FF5712-F345-4F1C-991C-E61A37AC9490}.Debug|Any CPU.Build.0 = Debug|Any CPU
		{F6FF5712-F345-4F1C-991C-E61A37AC9490}.Release|Any CPU.ActiveCfg = Release|Any CPU
		{F6FF5712-F345-4F1C-991C-E61A37AC9490}.Release|Any CPU.Build.0 = Release|Any CPU
		{C2037F6A-88A0-49A2-B1E8-CE93A20B3564}.Debug|Any CPU.ActiveCfg = Debug|Any CPU
		{C2037F6A-88A0-49A2-B1E8-CE93A20B3564}.Debug|Any CPU.Build.0 = Debug|Any CPU
		{C2037F6A-88A0-49A2-B1E8-CE93A20B3564}.Debug|Any CPU.Deploy.0 = Debug|Any CPU
		{C2037F6A-88A0-49A2-B1E8-CE93A20B3564}.Release|Any CPU.ActiveCfg = Release|Any CPU
		{C2037F6A-88A0-49A2-B1E8-CE93A20B3564}.Release|Any CPU.Build.0 = Release|Any CPU
		{C2037F6A-88A0-49A2-B1E8-CE93A20B3564}.Release|Any CPU.Deploy.0 = Release|Any CPU
		{063036C8-585A-4CA8-AB54-A4F78C065724}.Debug|Any CPU.ActiveCfg = Debug|Any CPU
		{063036C8-585A-4CA8-AB54-A4F78C065724}.Debug|Any CPU.Build.0 = Debug|Any CPU
		{063036C8-585A-4CA8-AB54-A4F78C065724}.Release|Any CPU.ActiveCfg = Release|Any CPU
		{063036C8-585A-4CA8-AB54-A4F78C065724}.Release|Any CPU.Build.0 = Release|Any CPU
		{09105511-4362-4DA9-B353-AEAB4C9CAC49}.Debug|Any CPU.ActiveCfg = Debug|Any CPU
		{09105511-4362-4DA9-B353-AEAB4C9CAC49}.Debug|Any CPU.Build.0 = Debug|Any CPU
		{09105511-4362-4DA9-B353-AEAB4C9CAC49}.Release|Any CPU.ActiveCfg = Release|Any CPU
		{09105511-4362-4DA9-B353-AEAB4C9CAC49}.Release|Any CPU.Build.0 = Release|Any CPU
		{26D81E86-7ED7-471A-B768-A3DB4EA05FE8}.Debug|Any CPU.ActiveCfg = Debug|Any CPU
		{26D81E86-7ED7-471A-B768-A3DB4EA05FE8}.Debug|Any CPU.Build.0 = Debug|Any CPU
		{26D81E86-7ED7-471A-B768-A3DB4EA05FE8}.Debug|Any CPU.Deploy.0 = Debug|Any CPU
		{26D81E86-7ED7-471A-B768-A3DB4EA05FE8}.Release|Any CPU.ActiveCfg = Release|Any CPU
		{26D81E86-7ED7-471A-B768-A3DB4EA05FE8}.Release|Any CPU.Build.0 = Release|Any CPU
		{26D81E86-7ED7-471A-B768-A3DB4EA05FE8}.Release|Any CPU.Deploy.0 = Release|Any CPU
		{71F94536-4756-4D0D-BA0F-9E334CE773FF}.Debug|Any CPU.ActiveCfg = Debug|Any CPU
		{71F94536-4756-4D0D-BA0F-9E334CE773FF}.Debug|Any CPU.Build.0 = Debug|Any CPU
		{71F94536-4756-4D0D-BA0F-9E334CE773FF}.Release|Any CPU.ActiveCfg = Release|Any CPU
		{71F94536-4756-4D0D-BA0F-9E334CE773FF}.Release|Any CPU.Build.0 = Release|Any CPU
		{C972A73C-901E-451B-94DE-2F8590A6FF39}.Debug|Any CPU.ActiveCfg = Debug|Any CPU
		{C972A73C-901E-451B-94DE-2F8590A6FF39}.Debug|Any CPU.Build.0 = Debug|Any CPU
		{C972A73C-901E-451B-94DE-2F8590A6FF39}.Release|Any CPU.ActiveCfg = Release|Any CPU
		{C972A73C-901E-451B-94DE-2F8590A6FF39}.Release|Any CPU.Build.0 = Release|Any CPU
	EndGlobalSection
	GlobalSection(SolutionProperties) = preSolution
		HideSolutionNode = FALSE
	EndGlobalSection
	GlobalSection(NestedProjects) = preSolution
		{F6FF5712-F345-4F1C-991C-E61A37AC9490} = {749C39B9-5A96-4C13-8896-E445FAA8BFB9}
		{C2037F6A-88A0-49A2-B1E8-CE93A20B3564} = {749C39B9-5A96-4C13-8896-E445FAA8BFB9}
		{063036C8-585A-4CA8-AB54-A4F78C065724} = {749C39B9-5A96-4C13-8896-E445FAA8BFB9}
		{09105511-4362-4DA9-B353-AEAB4C9CAC49} = {E2657751-4C5B-4041-AC08-F4B831BA3805}
		{26D81E86-7ED7-471A-B768-A3DB4EA05FE8} = {E2657751-4C5B-4041-AC08-F4B831BA3805}
		{71F94536-4756-4D0D-BA0F-9E334CE773FF} = {E2657751-4C5B-4041-AC08-F4B831BA3805}
		{C972A73C-901E-451B-94DE-2F8590A6FF39} = {E2657751-4C5B-4041-AC08-F4B831BA3805}
	EndGlobalSection
	GlobalSection(ExtensibilityGlobals) = postSolution
		SolutionGuid = {4A542886-26B3-485D-8862-87B3B6E37E78}
	EndGlobalSection
EndGlobal
